%{
  "benchee": {:hex, :benchee, "1.5.0", "4d812c31d54b0ec0167e91278e7de3f596324a78a096fd3d0bea68bb0c513b10", [:mix], [{:deep_merge, "~> 1.0", [hex: :deep_merge, repo: "hexpm", optional: false]}, {:statistex, "~> 1.1", [hex: :statistex, repo: "hexpm", optional: false]}, {:table, "~> 0.1.0", [hex: :table, repo: "hexpm", optional: true]}], "hexpm", "5b075393aea81b8ae74eadd1c28b1d87e8a63696c649d8293db7c4df3eb67535"},
  "benchee_html": {:hex, :benchee_html, "1.0.1", "1e247c0886c3fdb0d3f4b184b653a8d6fb96e4ad0d0389267fe4f36968772e24", [:mix], [{:benchee, ">= 0.99.0 and < 2.0.0", [hex: :benchee, repo: "hexpm", optional: false]}, {:benchee_json, "~> 1.0", [hex: :benchee_json, repo: "hexpm", optional: false]}], "hexpm", "b00a181af7152431901e08f3fc9f7197ed43ff50421a8347b0c80bf45d5b3fef"},
  "benchee_json": {:hex, :benchee_json, "1.0.0", "cc661f4454d5995c08fe10dd1f2f72f229c8f0fb1c96f6b327a8c8fc96a91fe5", [:mix], [{:benchee, ">= 0.99.0 and < 2.0.0", [hex: :benchee, repo: "hexpm", optional: false]}, {:jason, "~> 1.0", [hex: :jason, repo: "hexpm", optional: false]}], "hexpm", "da05d813f9123505f870344d68fb7c86a4f0f9074df7d7b7e2bb011a63ec231c"},
  "deep_merge": {:hex, :deep_merge, "1.0.0", "b4aa1a0d1acac393bdf38b2291af38cb1d4a52806cf7a4906f718e1feb5ee961", [:mix], [], "hexpm", "ce708e5f094b9cd4e8f2be4f00d2f4250c4095be93f8cd6d018c753894885430"},
  "dialyxir": {:hex, :dialyxir, "1.4.6", "7cca478334bf8307e968664343cbdb432ee95b4b68a9cba95bdabb0ad5bdfd9a", [:mix], [{:erlex, ">= 0.2.7", [hex: :erlex, repo: "hexpm", optional: false]}], "hexpm", "8cf5615c5cd4c2da6c501faae642839c8405b49f8aa057ad4ae401cb808ef64d"},
  "earmark": {:hex, :earmark, "1.2.6", "b6da42b3831458d3ecc57314dff3051b080b9b2be88c2e5aa41cd642a5b044ed", [:mix], [], "hexpm", "b42a23e9bd92d65d16db2f75553982e58519054095356a418bb8320bbacb58b1"},
  "earmark_parser": {:hex, :earmark_parser, "1.4.44", "f20830dd6b5c77afe2b063777ddbbff09f9759396500cdbe7523efd58d7a339c", [:mix], [], "hexpm", "4778ac752b4701a5599215f7030989c989ffdc4f6df457c5f36938cc2d2a2750"},
  "erlex": {:hex, :erlex, "0.2.7", "810e8725f96ab74d17aac676e748627a07bc87eb950d2b83acd29dc047a30595", [:mix], [], "hexpm", "3ed95f79d1a844c3f6bf0cea61e0d5612a42ce56da9c03f01df538685365efb0"},
  "ex_doc": {:hex, :ex_doc, "0.39.1", "e19d356a1ba1e8f8cfc79ce1c3f83884b6abfcb79329d435d4bbb3e97ccc286e", [:mix], [{:earmark_parser, "~> 1.4.44", [hex: :earmark_parser, repo: "hexpm", optional: false]}, {:makeup_c, ">= 0.1.0", [hex: :makeup_c, repo: "hexpm", optional: true]}, {:makeup_elixir, "~> 0.14 or ~> 1.0", [hex: :makeup_elixir, repo: "hexpm", optional: false]}, {:makeup_erlang, "~> 0.1 or ~> 1.0", [hex: :makeup_erlang, repo: "hexpm", optional: false]}, {:makeup_html, ">= 0.1.0", [hex: :makeup_html, repo: "hexpm", optional: true]}], "hexpm", "8abf0ed3e3ca87c0847dfc4168ceab5bedfe881692f1b7c45f4a11b232806865"},
  "jason": {:hex, :jason, "1.4.4", "b9226785a9aa77b6857ca22832cffa5d5011a667207eb2a0ad56adb5db443b8a", [:mix], [{:decimal, "~> 1.0 or ~> 2.0", [hex: :decimal, repo: "hexpm", optional: true]}], "hexpm", "c5eb0cab91f094599f94d55bc63409236a8ec69a21a67814529e8d5f6cc90b3b"},
  "jemalloc_info": {:git, "https://github.com/marinac-dev/jemalloc_info.git", "3bc1982ed277483ec3284f49a65034da6bda7346", []},
  "makeup": {:hex, :makeup, "1.2.1", "e90ac1c65589ef354378def3ba19d401e739ee7ee06fb47f94c687016e3713d1", [:mix], [{:nimble_parsec, "~> 1.4", [hex: :nimble_parsec, repo: "hexpm", optional: false]}], "hexpm", "d36484867b0bae0fea568d10131197a4c2e47056a6fbe84922bf6ba71c8d17ce"},
  "makeup_elixir": {:hex, :makeup_elixir, "1.0.1", "e928a4f984e795e41e3abd27bfc09f51db16ab8ba1aebdba2b3a575437efafc2", [:mix], [{:makeup, "~> 1.0", [hex: :makeup, repo: "hexpm", optional: false]}, {:nimble_parsec, "~> 1.2.3 or ~> 1.3", [hex: :nimble_parsec, repo: "hexpm", optional: false]}], "hexpm", "7284900d412a3e5cfd97fdaed4f5ed389b8f2b4cb49efc0eb3bd10e2febf9507"},
  "makeup_erlang": {:hex, :makeup_erlang, "1.0.2", "03e1804074b3aa64d5fad7aa64601ed0fb395337b982d9bcf04029d68d51b6a7", [:mix], [{:makeup, "~> 1.0", [hex: :makeup, repo: "hexpm", optional: false]}], "hexpm", "af33ff7ef368d5893e4a267933e7744e46ce3cf1f61e2dccf53a111ed3aa3727"},
  "nimble_parsec": {:hex, :nimble_parsec, "1.4.2", "8efba0122db06df95bfaa78f791344a89352ba04baedd3849593bfce4d0dc1c6", [:mix], [], "hexpm", "4b21398942dda052b403bbe1da991ccd03a053668d147d53fb8c4e0efe09c973"},
  "rustler": {:hex, :rustler, "0.37.1", "721434020c7f6f8e1cdc57f44f75c490435b01de96384f8ccb96043f12e8a7e0", [:mix], [{:jason, "~> 1.0", [hex: :jason, repo: "hexpm", optional: false]}], "hexpm", "24547e9b8640cf00e6a2071acb710f3e12ce0346692e45098d84d45cdb54fd79"},
  "statistex": {:hex, :statistex, "1.1.0", "7fec1eb2f580a0d2c1a05ed27396a084ab064a40cfc84246dbfb0c72a5c761e5", [:mix], [], "hexpm", "f5950ea26ad43246ba2cce54324ac394a4e7408fdcf98b8e230f503a0cba9cf5"},
  "stream_data": {:hex, :stream_data, "1.2.0", "58dd3f9e88afe27dc38bef26fce0c84a9e7a96772b2925c7b32cd2435697a52b", [:mix], [], "hexpm", "eb5c546ee3466920314643edf68943a5b14b32d1da9fe01698dc92b73f89a9ed"},
  "toml": {:hex, :toml, "0.7.0", "fbcd773caa937d0c7a02c301a1feea25612720ac3fa1ccb8bfd9d30d822911de", [:mix], [], "hexpm", "0690246a2478c1defd100b0c9b89b4ea280a22be9a7b313a8a058a2408a2fa70"},
}
